
Microsoft Visual Studio Solution File, Format Version 12.00
# Visual Studio Version 16
VisualStudioVersion = 16.0.31129.286
MinimumVisualStudioVersion = 10.0.40219.1
Project("{FAE04EC0-301F-11D3-BF4B-00C04F79EFBC}") = "SAH", "SAH\SAH.csproj", "{3E3D8A1B-D431-4E93-B032-DA537404482A}"
EndProject
Global
	GlobalSection(SolutionConfigurationPlatforms) = preSolution
		Debug|Any CPU = Debug|Any CPU
		Release|Any CPU = Release|Any CPU
	EndGlobalSection
	GlobalSection(ProjectConfigurationPlatforms) = postSolution
		{3E3D8A1B-D431-4E93-B032-DA537404482A}.Debug|Any CPU.ActiveCfg = Debug|Any CPU
		{3E3D8A1B-D431-4E93-B032-DA537404482A}.Debug|Any CPU.Build.0 = Debug|Any CPU
		{3E3D8A1B-D431-4E93-B032-DA537404482A}.Release|Any CPU.ActiveCfg = Release|Any CPU
		{3E3D8A1B-D431-4E93-B032-DA537404482A}.Release|Any CPU.Build.0 = Release|Any CPU
	EndGlobalSection
	GlobalSection(SolutionProperties) = preSolution
		HideSolutionNode = FALSE
	EndGlobalSection
	GlobalSection(ExtensibilityGlobals) = postSolution
		SolutionGuid = {A456E365-A4F8-49AC-9228-F91DB83B6F34}
	EndGlobalSection
EndGlobal
